
Microsoft Visual Studio Solution File, Format Version 12.00
# Visual Studio Version 17
VisualStudioVersion = 17.4.33213.308
MinimumVisualStudioVersion = 10.0.40219.1
Project("{FAE04EC0-301F-11D3-BF4B-00C04F79EFBC}") = "AcordStandaloneInstaller", "AcordStandaloneInstaller.csproj", "{5DD34A49-52D2-4473-A658-005573DA4832}"
EndProject
Global
	GlobalSection(SolutionConfigurationPlatforms) = preSolution
		Debug|Any CPU = Debug|Any CPU
		Release|Any CPU = Release|Any CPU
	EndGlobalSection
	GlobalSection(ProjectConfigurationPlatforms) = postSolution
		{5DD34A49-52D2-4473-A658-005573DA4832}.Debug|Any CPU.ActiveCfg = Debug|Any CPU
		{5DD34A49-52D2-4473-A658-005573DA4832}.Debug|Any CPU.Build.0 = Debug|Any CPU
		{5DD34A49-52D2-4473-A658-005573DA4832}.Release|Any CPU.ActiveCfg = Release|Any CPU
		{5DD34A49-52D2-4473-A658-005573DA4832}.Release|Any CPU.Build.0 = Release|Any CPU
	EndGlobalSection
	GlobalSection(SolutionProperties) = preSolution
		HideSolutionNode = FALSE
	EndGlobalSection
	GlobalSection(ExtensibilityGlobals) = postSolution
		SolutionGuid = {59502FB2-CCEA-46A1-A588-3146182D2A29}
	EndGlobalSection
EndGlobal
